
Microsoft Visual Studio Solution File, Format Version 12.00
# Visual Studio 15
VisualStudioVersion = 15.0.28307.539
MinimumVisualStudioVersion = 10.0.40219.1
Project("{FAE04EC0-301F-11D3-BF4B-00C04F79EFBC}") = "TestNMCNPM", "TestNMCNPM\TestNMCNPM.csproj", "{6C4F4DD6-86FF-4783-AFAE-C7B8990F75D4}"
EndProject
Global
	GlobalSection(SolutionConfigurationPlatforms) = preSolution
		Debug|Any CPU = Debug|Any CPU
		Release|Any CPU = Release|Any CPU
	EndGlobalSection
	GlobalSection(ProjectConfigurationPlatforms) = postSolution
		{6C4F4DD6-86FF-4783-AFAE-C7B8990F75D4}.Debug|Any CPU.ActiveCfg = Debug|Any CPU
		{6C4F4DD6-86FF-4783-AFAE-C7B8990F75D4}.Debug|Any CPU.Build.0 = Debug|Any CPU
		{6C4F4DD6-86FF-4783-AFAE-C7B8990F75D4}.Release|Any CPU.ActiveCfg = Release|Any CPU
		{6C4F4DD6-86FF-4783-AFAE-C7B8990F75D4}.Release|Any CPU.Build.0 = Release|Any CPU
	EndGlobalSection
	GlobalSection(SolutionProperties) = preSolution
		HideSolutionNode = FALSE
	EndGlobalSection
	GlobalSection(ExtensibilityGlobals) = postSolution
		SolutionGuid = {D156FDC0-2EF0-46BB-BC46-6D471D7AEE40}
	EndGlobalSection
EndGlobal
